
Microsoft Visual Studio Solution File, Format Version 12.00
# Visual Studio Version 16
VisualStudioVersion = 25.0.1703.8
MinimumVisualStudioVersion = 10.0.40219.1
Project("{FAE04EC0-301F-11D3-BF4B-00C04F79EFBC}") = "examen_algoritmos_Vladimir", "examen_algoritmos_Vladimir.csproj", "{DFAB4B37-7F04-4B16-92D3-D20EA34F1C68}"
EndProject
Global
	GlobalSection(SolutionConfigurationPlatforms) = preSolution
		Debug|Any CPU = Debug|Any CPU
		Release|Any CPU = Release|Any CPU
	EndGlobalSection
	GlobalSection(ProjectConfigurationPlatforms) = postSolution
		{DFAB4B37-7F04-4B16-92D3-D20EA34F1C68}.Debug|Any CPU.ActiveCfg = Debug|Any CPU
		{DFAB4B37-7F04-4B16-92D3-D20EA34F1C68}.Debug|Any CPU.Build.0 = Debug|Any CPU
		{DFAB4B37-7F04-4B16-92D3-D20EA34F1C68}.Release|Any CPU.ActiveCfg = Release|Any CPU
		{DFAB4B37-7F04-4B16-92D3-D20EA34F1C68}.Release|Any CPU.Build.0 = Release|Any CPU
	EndGlobalSection
	GlobalSection(SolutionProperties) = preSolution
		HideSolutionNode = FALSE
	EndGlobalSection
	GlobalSection(ExtensibilityGlobals) = postSolution
		SolutionGuid = {32F45565-3E00-4585-9009-B9D77956505A}
	EndGlobalSection
EndGlobal
